
Microsoft Visual Studio Solution File, Format Version 12.00
# Visual Studio Version 16
VisualStudioVersion = 16.0.30711.63
MinimumVisualStudioVersion = 10.0.40219.1
Project("{FAE04EC0-301F-11D3-BF4B-00C04F79EFBC}") = "bison-api", "bison-api.csproj", "{A391DF54-2462-4932-90C2-67011161CBD9}"
EndProject
Global
	GlobalSection(SolutionConfigurationPlatforms) = preSolution
		Debug|Any CPU = Debug|Any CPU
		Release|Any CPU = Release|Any CPU
	EndGlobalSection
	GlobalSection(ProjectConfigurationPlatforms) = postSolution
		{A391DF54-2462-4932-90C2-67011161CBD9}.Debug|Any CPU.ActiveCfg = Debug|Any CPU
		{A391DF54-2462-4932-90C2-67011161CBD9}.Debug|Any CPU.Build.0 = Debug|Any CPU
		{A391DF54-2462-4932-90C2-67011161CBD9}.Release|Any CPU.ActiveCfg = Release|Any CPU
		{A391DF54-2462-4932-90C2-67011161CBD9}.Release|Any CPU.Build.0 = Release|Any CPU
	EndGlobalSection
	GlobalSection(SolutionProperties) = preSolution
		HideSolutionNode = FALSE
	EndGlobalSection
	GlobalSection(ExtensibilityGlobals) = postSolution
		SolutionGuid = {F1AB3D90-3B0D-40F7-9AC4-64E79717FAD7}
	EndGlobalSection
EndGlobal
